<?xml version="1.0" encoding="utf-8"?>
<Project ToolsVersion="4.0" xmlns="http://schemas.microsoft.com/developer/msbuild/2003">
  <ItemGroup>
    <ClCompile Include="WinMain.cpp">
      <Filter>API Framework</Filter>
    </ClCompile>
    <ClCompile Include="Animation.cpp">
      <Filter>API Framework\Animation</Filter>
    </ClCompile>
    <ClCompile Include="GameNode.cpp">
      <Filter>API Framework\GameNode</Filter>
    </ClCompile>
    <ClCompile Include="Image.cpp">
      <Filter>API Framework\Image</Filter>
    </ClCompile>
    <ClCompile Include="FontManager.cpp">
      <Filter>API Framework\Manager</Filter>
    </ClCompile>
    <ClCompile Include="ImageManager.cpp">
      <Filter>API Framework\Manager</Filter>
    </ClCompile>
    <ClCompile Include="KeyManager.cpp">
      <Filter>API Framework\Manager</Filter>
    </ClCompile>
    <ClCompile Include="SceneManager.cpp">
      <Filter>API Framework\Manager</Filter>
    </ClCompile>
    <ClCompile Include="TextDataManager.cpp">
      <Filter>API Framework\Manager</Filter>
    </ClCompile>
    <ClCompile Include="TempSoundManager.cpp">
      <Filter>API Framework\Manager</Filter>
    </ClCompile>
    <ClCompile Include="TimeManager.cpp">
      <Filter>API Framework\Manager</Filter>
    </ClCompile>
    <ClCompile Include="Stdafx.cpp">
      <Filter>API Framework\Stdafx</Filter>
    </ClCompile>
    <ClCompile Include="Utils.cpp">
      <Filter>API Framework\Utility</Filter>
    </ClCompile>
    <ClCompile Include="MainGame.cpp">
      <Filter>MainGame</Filter>
    </ClCompile>
    <ClCompile Include="Timer.cpp">
      <Filter>API Framework\Manager</Filter>
    </ClCompile>
    <ClCompile Include="SoundManager.cpp">
      <Filter>API Framework\Manager</Filter>
    </ClCompile>
    <ClCompile Include="TitleScene.cpp">
      <Filter>MainGame\Scene</Filter>
    </ClCompile>
    <ClCompile Include="GameScene.cpp">
      <Filter>MainGame\Scene</Filter>
    </ClCompile>
    <ClCompile Include="PlantManager.cpp">
      <Filter>MainGame\Object\Plant</Filter>
    </ClCompile>
    <ClCompile Include="Plant.cpp">
      <Filter>MainGame\Object\Plant</Filter>
    </ClCompile>
    <ClCompile Include="Zombie.cpp">
      <Filter>MainGame\Object\Zombie</Filter>
    </ClCompile>
    <ClCompile Include="ZombieManager.cpp">
      <Filter>MainGame\Object\Zombie</Filter>
    </ClCompile>
    <ClCompile Include="Card.cpp">
      <Filter>MainGame\Object\CardDeck</Filter>
    </ClCompile>
    <ClCompile Include="Deck.cpp">
      <Filter>MainGame\Object\CardDeck</Filter>
    </ClCompile>
    <ClCompile Include="Inventory.cpp">
      <Filter>MainGame\Object\CardDeck</Filter>
    </ClCompile>
    <ClCompile Include="Peashooter.cpp">
      <Filter>MainGame\Object\Plant\Plants</Filter>
    </ClCompile>
    <ClCompile Include="Sunflower.cpp">
      <Filter>MainGame\Object\Plant\Plants</Filter>
    </ClCompile>
    <ClCompile Include="Progressbar.cpp">
      <Filter>MainGame\Object\Progressbar</Filter>
    </ClCompile>
    <ClCompile Include="Sun.cpp">
      <Filter>MainGame\Object\Sun</Filter>
    </ClCompile>
    <ClCompile Include="Tile.cpp">
      <Filter>MainGame\Object\Tile</Filter>
    </ClCompile>
    <ClCompile Include="NumberImage.cpp">
      <Filter>MainGame\Object\NumberImage</Filter>
    </ClCompile>
    <ClCompile Include="ObserverManager.cpp">
      <Filter>MainGame\Observer</Filter>
    </ClCompile>
  </ItemGroup>
  <ItemGroup>
    <ClInclude Include="Animation.h">
      <Filter>API Framework\Animation</Filter>
    </ClInclude>
    <ClInclude Include="SingletonBase.h">
      <Filter>API Framework\DesignPattern\Singleton</Filter>
    </ClInclude>
    <ClInclude Include="GameNode.h">
      <Filter>API Framework\GameNode</Filter>
    </ClInclude>
    <ClInclude Include="Image.h">
      <Filter>API Framework\Image</Filter>
    </ClInclude>
    <ClInclude Include="FontManager.h">
      <Filter>API Framework\Manager</Filter>
    </ClInclude>
    <ClInclude Include="ImageManager.h">
      <Filter>API Framework\Manager</Filter>
    </ClInclude>
    <ClInclude Include="KeyManager.h">
      <Filter>API Framework\Manager</Filter>
    </ClInclude>
    <ClInclude Include="SceneManager.h">
      <Filter>API Framework\Manager</Filter>
    </ClInclude>
    <ClInclude Include="TextDataManager.h">
      <Filter>API Framework\Manager</Filter>
    </ClInclude>
    <ClInclude Include="TempSoundManager.h">
      <Filter>API Framework\Manager</Filter>
    </ClInclude>
    <ClInclude Include="TimeManager.h">
      <Filter>API Framework\Manager</Filter>
    </ClInclude>
    <ClInclude Include="Stdafx.h">
      <Filter>API Framework\Stdafx</Filter>
    </ClInclude>
    <ClInclude Include="Utils.h">
      <Filter>API Framework\Utility</Filter>
    </ClInclude>
    <ClInclude Include="CommonMacroFunction.h">
      <Filter>API Framework\Utility</Filter>
    </ClInclude>
    <ClInclude Include="RandomFunction.h">
      <Filter>API Framework\Utility</Filter>
    </ClInclude>
    <ClInclude Include="MainGame.h">
      <Filter>MainGame</Filter>
    </ClInclude>
    <ClInclude Include="Timer.h">
      <Filter>API Framework\Manager</Filter>
    </ClInclude>
    <ClInclude Include="SoundManager.h">
      <Filter>API Framework\Manager</Filter>
    </ClInclude>
    <ClInclude Include="TitleScene.h">
      <Filter>MainGame\Scene</Filter>
    </ClInclude>
    <ClInclude Include="GameScene.h">
      <Filter>MainGame\Scene</Filter>
    </ClInclude>
    <ClInclude Include="PlantManager.h">
      <Filter>MainGame\Object\Plant</Filter>
    </ClInclude>
    <ClInclude Include="Plant.h">
      <Filter>MainGame\Object\Plant</Filter>
    </ClInclude>
    <ClInclude Include="Zombie.h">
      <Filter>MainGame\Object\Zombie</Filter>
    </ClInclude>
    <ClInclude Include="ZombieManager.h">
      <Filter>MainGame\Object\Zombie</Filter>
    </ClInclude>
    <ClInclude Include="Card.h">
      <Filter>MainGame\Object\CardDeck</Filter>
    </ClInclude>
    <ClInclude Include="Deck.h">
      <Filter>MainGame\Object\CardDeck</Filter>
    </ClInclude>
    <ClInclude Include="Inventory.h">
      <Filter>MainGame\Object\CardDeck</Filter>
    </ClInclude>
    <ClInclude Include="PlantType.h">
      <Filter>MainGame\Object</Filter>
    </ClInclude>
    <ClInclude Include="Peashooter.h">
      <Filter>MainGame\Object\Plant\Plants</Filter>
    </ClInclude>
    <ClInclude Include="Sunflower.h">
      <Filter>MainGame\Object\Plant\Plants</Filter>
    </ClInclude>
    <ClInclude Include="Progressbar.h">
      <Filter>MainGame\Object\Progressbar</Filter>
    </ClInclude>
    <ClInclude Include="Sun.h">
      <Filter>MainGame\Object\Sun</Filter>
    </ClInclude>
    <ClInclude Include="Tile.h">
      <Filter>MainGame\Object\Tile</Filter>
    </ClInclude>
    <ClInclude Include="NumberImage.h">
      <Filter>MainGame\Object\NumberImage</Filter>
    </ClInclude>
    <ClInclude Include="Observer.h">
      <Filter>MainGame\Observer</Filter>
    </ClInclude>
    <ClInclude Include="ObserverManager.h">
      <Filter>MainGame\Observer</Filter>
    </ClInclude>
  </ItemGroup>
  <ItemGroup>
    <Filter Include="API Framework">
      <UniqueIdentifier>{38fb49f9-83f6-4038-876e-83f5a09347e8}</UniqueIdentifier>
    </Filter>
    <Filter Include="API Framework\Animation">
      <UniqueIdentifier>{1fd9b066-540e-4233-a1b5-e935d092a495}</UniqueIdentifier>
    </Filter>
    <Filter Include="API Framework\DesignPattern">
      <UniqueIdentifier>{e9d565bf-8b89-44e5-ab69-4cd3305b24b7}</UniqueIdentifier>
    </Filter>
    <Filter Include="API Framework\DesignPattern\Singleton">
      <UniqueIdentifier>{eda7ebf8-f829-46ce-8ad5-4785ca712f8a}</UniqueIdentifier>
    </Filter>
    <Filter Include="API Framework\GameNode">
      <UniqueIdentifier>{b2a765cd-02a1-4eb9-bd26-884c4e78c81d}</UniqueIdentifier>
    </Filter>
    <Filter Include="API Framework\Image">
      <UniqueIdentifier>{1e0aef09-bc23-4df7-a2fe-cc1471ce1124}</UniqueIdentifier>
    </Filter>
    <Filter Include="API Framework\Manager">
      <UniqueIdentifier>{80b8b3fe-ced1-4522-9402-525b0b8b64bc}</UniqueIdentifier>
    </Filter>
    <Filter Include="API Framework\Stdafx">
      <UniqueIdentifier>{8d5d6307-99ee-4042-b4aa-87049f1d1e9b}</UniqueIdentifier>
    </Filter>
    <Filter Include="API Framework\Utility">
      <UniqueIdentifier>{31a8ac12-8afb-4044-91ef-f5ecdcf98450}</UniqueIdentifier>
    </Filter>
    <Filter Include="MainGame">
      <UniqueIdentifier>{c390ad7b-552e-407f-85b6-c117de374185}</UniqueIdentifier>
    </Filter>
    <Filter Include="MainGame\Scene">
      <UniqueIdentifier>{166d6552-872b-4eb1-b32d-556c53b641ee}</UniqueIdentifier>
    </Filter>
    <Filter Include="MainGame\Object">
      <UniqueIdentifier>{469cd02f-6b53-4c82-9c80-0056e14b5294}</UniqueIdentifier>
    </Filter>
    <Filter Include="MainGame\Object\Plant">
      <UniqueIdentifier>{279412c4-f78d-4683-a45b-6458800cba34}</UniqueIdentifier>
    </Filter>
    <Filter Include="MainGame\Object\Zombie">
      <UniqueIdentifier>{43f3ffb7-fa33-4745-b900-8f357673383b}</UniqueIdentifier>
    </Filter>
    <Filter Include="MainGame\Object\Bullet">
      <UniqueIdentifier>{a27b79a9-56ba-4444-9866-ae22dee81554}</UniqueIdentifier>
    </Filter>
    <Filter Include="MainGame\Object\CardDeck">
      <UniqueIdentifier>{39ce994f-1304-4ed6-aadf-9052bfaa1f21}</UniqueIdentifier>
    </Filter>
    <Filter Include="MainGame\Object\Plant\Plants">
      <UniqueIdentifier>{c45f44ea-6107-4895-afc3-6cf1f278a00a}</UniqueIdentifier>
    </Filter>
    <Filter Include="MainGame\Object\Progressbar">
      <UniqueIdentifier>{076f4114-b273-4d36-a70f-9e3ce7de174d}</UniqueIdentifier>
    </Filter>
    <Filter Include="MainGame\Object\Sun">
      <UniqueIdentifier>{faad3eda-c6ec-49cb-9cb2-665fc1af8fcc}</UniqueIdentifier>
    </Filter>
    <Filter Include="MainGame\Object\Tile">
      <UniqueIdentifier>{85309cc2-67da-4a2c-998d-cab9486c2841}</UniqueIdentifier>
    </Filter>
    <Filter Include="MainGame\Object\NumberImage">
      <UniqueIdentifier>{ea3122ff-0b05-49aa-a1b4-fb9497a92478}</UniqueIdentifier>
    </Filter>
    <Filter Include="MainGame\Observer">
      <UniqueIdentifier>{d6beb8fb-587d-4b2c-a020-339c258ec68b}</UniqueIdentifier>
    </Filter>
  </ItemGroup>
</Project>